
Microsoft Visual Studio Solution File, Format Version 12.00
# Visual Studio Version 17
VisualStudioVersion = 17.14.36915.13 d17.14
MinimumVisualStudioVersion = 10.0.40219.1
Project("{FAE04EC0-301F-11D3-BF4B-00C04F79EFBC}") = "Multidimensional Arrays", "Multidimensional Arrays.csproj", "{57D35FC9-925D-4F57-8B6A-61EECEE4D259}"
EndProject
Global
	GlobalSection(SolutionConfigurationPlatforms) = preSolution
		Debug|Any CPU = Debug|Any CPU
		Release|Any CPU = Release|Any CPU
	EndGlobalSection
	GlobalSection(ProjectConfigurationPlatforms) = postSolution
		{57D35FC9-925D-4F57-8B6A-61EECEE4D259}.Debug|Any CPU.ActiveCfg = Debug|Any CPU
		{57D35FC9-925D-4F57-8B6A-61EECEE4D259}.Debug|Any CPU.Build.0 = Debug|Any CPU
		{57D35FC9-925D-4F57-8B6A-61EECEE4D259}.Release|Any CPU.ActiveCfg = Release|Any CPU
		{57D35FC9-925D-4F57-8B6A-61EECEE4D259}.Release|Any CPU.Build.0 = Release|Any CPU
	EndGlobalSection
	GlobalSection(SolutionProperties) = preSolution
		HideSolutionNode = FALSE
	EndGlobalSection
	GlobalSection(ExtensibilityGlobals) = postSolution
		SolutionGuid = {54D91371-2809-402D-B134-E6E0A77A6786}
	EndGlobalSection
EndGlobal
